
Microsoft Visual Studio Solution File, Format Version 12.00
# Visual Studio Version 17
VisualStudioVersion = 17.14.37027.9
MinimumVisualStudioVersion = 10.0.40219.1
Project("{FAE04EC0-301F-11D3-BF4B-00C04F79EFBC}") = "webApi_Jimena", "webApi_Jimena\webApi_Jimena.csproj", "{64116933-2577-41D1-A07B-B86A4438086D}"
EndProject
Project("{FAE04EC0-301F-11D3-BF4B-00C04F79EFBC}") = "Modelo", "Modelo\Modelo.csproj", "{BAB26865-C941-45FB-9AB1-57FBD79F5098}"
EndProject
Project("{FAE04EC0-301F-11D3-BF4B-00C04F79EFBC}") = "BlazorApp_Jimena", "..\..\Front\BlazorApp_Jimena\BlazorApp_Jimena\BlazorApp_Jimena.csproj", "{6DEA0DDA-7267-44DA-D385-351E6D117C44}"
EndProject
Global
	GlobalSection(SolutionConfigurationPlatforms) = preSolution
		Debug|Any CPU = Debug|Any CPU
		Release|Any CPU = Release|Any CPU
	EndGlobalSection
	GlobalSection(ProjectConfigurationPlatforms) = postSolution
		{64116933-2577-41D1-A07B-B86A4438086D}.Debug|Any CPU.ActiveCfg = Debug|Any CPU
		{64116933-2577-41D1-A07B-B86A4438086D}.Debug|Any CPU.Build.0 = Debug|Any CPU
		{64116933-2577-41D1-A07B-B86A4438086D}.Release|Any CPU.ActiveCfg = Release|Any CPU
		{64116933-2577-41D1-A07B-B86A4438086D}.Release|Any CPU.Build.0 = Release|Any CPU
		{BAB26865-C941-45FB-9AB1-57FBD79F5098}.Debug|Any CPU.ActiveCfg = Debug|Any CPU
		{BAB26865-C941-45FB-9AB1-57FBD79F5098}.Debug|Any CPU.Build.0 = Debug|Any CPU
		{BAB26865-C941-45FB-9AB1-57FBD79F5098}.Release|Any CPU.ActiveCfg = Release|Any CPU
		{BAB26865-C941-45FB-9AB1-57FBD79F5098}.Release|Any CPU.Build.0 = Release|Any CPU
		{6DEA0DDA-7267-44DA-D385-351E6D117C44}.Debug|Any CPU.ActiveCfg = Debug|Any CPU
		{6DEA0DDA-7267-44DA-D385-351E6D117C44}.Debug|Any CPU.Build.0 = Debug|Any CPU
		{6DEA0DDA-7267-44DA-D385-351E6D117C44}.Release|Any CPU.ActiveCfg = Release|Any CPU
		{6DEA0DDA-7267-44DA-D385-351E6D117C44}.Release|Any CPU.Build.0 = Release|Any CPU
	EndGlobalSection
	GlobalSection(SolutionProperties) = preSolution
		HideSolutionNode = FALSE
	EndGlobalSection
	GlobalSection(ExtensibilityGlobals) = postSolution
		SolutionGuid = {98623EF9-A47E-4C32-844B-01998AE74EC7}
	EndGlobalSection
EndGlobal
